# @generated - this file is auto-generated by `mise lock` https://mise.jdx.dev/dev-tools/mise-lock.html

[[tools.texconv]]
version = "may2026"
backend = "github:microsoft/DirectXTex"

[tools.texconv.options]
asset_pattern = "texconv.exe"

[tools.texconv."platforms.linux-arm64"]
checksum = "sha256:dcfdec10244e02cf5037fba089c55fb7e1326b1c8181742d77d15fa5cb5eef06"
url = "https://github.com/microsoft/DirectXTex/releases/download/may2026/texconv.exe"
url_api = "https://api.github.com/repos/microsoft/DirectXTex/releases/assets/415741600"

[tools.texconv."platforms.linux-arm64-musl"]
checksum = "sha256:dcfdec10244e02cf5037fba089c55fb7e1326b1c8181742d77d15fa5cb5eef06"
url = "https://github.com/microsoft/DirectXTex/releases/download/may2026/texconv.exe"
url_api = "https://api.github.com/repos/microsoft/DirectXTex/releases/assets/415741600"

[tools.texconv."platforms.linux-x64"]
checksum = "sha256:dcfdec10244e02cf5037fba089c55fb7e1326b1c8181742d77d15fa5cb5eef06"
url = "https://github.com/microsoft/DirectXTex/releases/download/may2026/texconv.exe"
url_api = "https://api.github.com/repos/microsoft/DirectXTex/releases/assets/415741600"

[tools.texconv."platforms.linux-x64-musl"]
checksum = "sha256:dcfdec10244e02cf5037fba089c55fb7e1326b1c8181742d77d15fa5cb5eef06"
url = "https://github.com/microsoft/DirectXTex/releases/download/may2026/texconv.exe"
url_api = "https://api.github.com/repos/microsoft/DirectXTex/releases/assets/415741600"

[tools.texconv."platforms.macos-arm64"]
checksum = "sha256:dcfdec10244e02cf5037fba089c55fb7e1326b1c8181742d77d15fa5cb5eef06"
url = "https://github.com/microsoft/DirectXTex/releases/download/may2026/texconv.exe"
url_api = "https://api.github.com/repos/microsoft/DirectXTex/releases/assets/415741600"

[tools.texconv."platforms.macos-x64"]
checksum = "sha256:dcfdec10244e02cf5037fba089c55fb7e1326b1c8181742d77d15fa5cb5eef06"
url = "https://github.com/microsoft/DirectXTex/releases/download/may2026/texconv.exe"
url_api = "https://api.github.com/repos/microsoft/DirectXTex/releases/assets/415741600"

[tools.texconv."platforms.windows-x64"]
checksum = "sha256:dcfdec10244e02cf5037fba089c55fb7e1326b1c8181742d77d15fa5cb5eef06"
url = "https://github.com/microsoft/DirectXTex/releases/download/may2026/texconv.exe"
url_api = "https://api.github.com/repos/microsoft/DirectXTex/releases/assets/415741600"

[[tools.texdiag]]
version = "may2026"
backend = "github:microsoft/DirectXTex"

[tools.texdiag.options]
asset_pattern = "texdiag.exe"

[tools.texdiag."platforms.linux-arm64"]
checksum = "sha256:411c303c98ba73e4423376f717ac139347dd749bf80a7fc1a22368ab1088ff56"
url = "https://github.com/microsoft/DirectXTex/releases/download/may2026/texdiag.exe"
url_api = "https://api.github.com/repos/microsoft/DirectXTex/releases/assets/415741662"

[tools.texdiag."platforms.linux-arm64-musl"]
checksum = "sha256:411c303c98ba73e4423376f717ac139347dd749bf80a7fc1a22368ab1088ff56"
url = "https://github.com/microsoft/DirectXTex/releases/download/may2026/texdiag.exe"
url_api = "https://api.github.com/repos/microsoft/DirectXTex/releases/assets/415741662"

[tools.texdiag."platforms.linux-x64"]
checksum = "sha256:411c303c98ba73e4423376f717ac139347dd749bf80a7fc1a22368ab1088ff56"
url = "https://github.com/microsoft/DirectXTex/releases/download/may2026/texdiag.exe"
url_api = "https://api.github.com/repos/microsoft/DirectXTex/releases/assets/415741662"

[tools.texdiag."platforms.linux-x64-musl"]
checksum = "sha256:411c303c98ba73e4423376f717ac139347dd749bf80a7fc1a22368ab1088ff56"
url = "https://github.com/microsoft/DirectXTex/releases/download/may2026/texdiag.exe"
url_api = "https://api.github.com/repos/microsoft/DirectXTex/releases/assets/415741662"

[tools.texdiag."platforms.macos-arm64"]
checksum = "sha256:411c303c98ba73e4423376f717ac139347dd749bf80a7fc1a22368ab1088ff56"
url = "https://github.com/microsoft/DirectXTex/releases/download/may2026/texdiag.exe"
url_api = "https://api.github.com/repos/microsoft/DirectXTex/releases/assets/415741662"

[tools.texdiag."platforms.macos-x64"]
checksum = "sha256:411c303c98ba73e4423376f717ac139347dd749bf80a7fc1a22368ab1088ff56"
url = "https://github.com/microsoft/DirectXTex/releases/download/may2026/texdiag.exe"
url_api = "https://api.github.com/repos/microsoft/DirectXTex/releases/assets/415741662"

[tools.texdiag."platforms.windows-x64"]
checksum = "sha256:411c303c98ba73e4423376f717ac139347dd749bf80a7fc1a22368ab1088ff56"
url = "https://github.com/microsoft/DirectXTex/releases/download/may2026/texdiag.exe"
url_api = "https://api.github.com/repos/microsoft/DirectXTex/releases/assets/415741662"
